# This file is automatically @generated by Cargo.
# It is not intended for manual editing.
[[package]]
name = "CoreFoundation-sys"
version = "0.1.4"
source = "registry+https://github.com/rust-lang/crates.io-index"
checksum = "d0e9889e6db118d49d88d84728d0e964d973a5680befb5f85f55141beea5c20b"
dependencies = [
 "libc",
 "mach 0.1.2",
]

[[package]]
name = "IOKit-sys"
version = "0.1.5"
source = "registry+https://github.com/rust-lang/crates.io-index"
checksum = "99696c398cbaf669d2368076bdb3d627fb0ce51a26899d7c61228c5c0af3bf4a"
dependencies = [
 "CoreFoundation-sys",
 "libc",
 "mach 0.1.2",
]

[[package]]
name = "aho-corasick"
version = "0.5.3"
source = "registry+https://github.com/rust-lang/crates.io-index"
checksum = "ca972c2ea5f742bfce5687b9aef75506a764f61d37f8f649047846a9686ddb66"
dependencies = [
 "memchr 0.1.11",
]

[[package]]
name = "aho-corasick"
version = "0.7.4"
source = "registry+https://github.com/rust-lang/crates.io-index"
checksum = "36b7aa1ccb7d7ea3f437cf025a2ab1c47cc6c1bc9fc84918ff449def12f5e282"
dependencies = [
 "memchr 2.2.0",
]

[[package]]
name = "ansi_term"
version = "0.11.0"
source = "registry+https://github.com/rust-lang/crates.io-index"
checksum = "ee49baf6cb617b853aa8d93bf420db2383fab46d314482ca2803b40d5fde979b"
dependencies = [
 "winapi 0.3.8",
]

[[package]]
name = "arc-swap"
version = "0.4.4"
source = "registry+https://github.com/rust-lang/crates.io-index"
checksum = "d7b8a9123b8027467bce0099fe556c628a53c8d83df0507084c31e9ba2e39aff"

[[package]]
name = "atty"
version = "0.2.11"
source = "registry+https://github.com/rust-lang/crates.io-index"
checksum = "9a7d5b8723950951411ee34d271d99dddcc2035a16ab25310ea2c8cfd4369652"
dependencies = [
 "libc",
 "termion",
 "winapi 0.3.8",
]

[[package]]
name = "autocfg"
version = "0.1.5"
source = "registry+https://github.com/rust-lang/crates.io-index"
checksum = "22130e92352b948e7e82a49cdb0aa94f2211761117f29e052dd397c1ac33542b"

[[package]]
name = "bit-set"
version = "0.4.0"
source = "registry+https://github.com/rust-lang/crates.io-index"
checksum = "d9bf6104718e80d7b26a68fdbacff3481cfc05df670821affc7e9cbc1884400c"
dependencies = [
 "bit-vec",
]

[[package]]
name = "bit-vec"
version = "0.4.4"
source = "registry+https://github.com/rust-lang/crates.io-index"
checksum = "02b4ff8b16e6076c3e14220b39fbc1fabb6737522281a388998046859400895f"

[[package]]
name = "bitflags"
version = "1.2.1"
source = "registry+https://github.com/rust-lang/crates.io-index"
checksum = "cf1de2fe8c75bc145a2f577add951f8134889b4795d47466a54a5c846d691693"

[[package]]
name = "bstr"
version = "0.2.8"
source = "registry+https://github.com/rust-lang/crates.io-index"
checksum = "8d6c2c5b58ab920a4f5aeaaca34b4488074e8cc7596af94e6f8c6ff247c60245"
dependencies = [
 "lazy_static",
 "memchr 2.2.0",
 "regex-automata",
 "serde",
]

[[package]]
name = "byteorder"
version = "1.3.1"
source = "registry+https://github.com/rust-lang/crates.io-index"
checksum = "a019b10a2a7cdeb292db131fc8113e57ea2a908f6e7894b0c3c671893b65dbeb"

[[package]]
name = "cc"
version = "1.0.35"
source = "registry+https://github.com/rust-lang/crates.io-index"
checksum = "5e5f3fee5eeb60324c2781f1e41286bdee933850fff9b3c672587fed5ec58c83"

[[package]]
name = "cfg-if"
version = "0.1.9"
source = "registry+https://github.com/rust-lang/crates.io-index"
checksum = "b486ce3ccf7ffd79fdeb678eac06a9e6c09fc88d33836340becb8fffe87c5e33"

[[package]]
name = "chrono"
version = "0.4.7"
source = "registry+https://github.com/rust-lang/crates.io-index"
checksum = "77d81f58b7301084de3b958691458a53c3f7e0b1d702f77e550b6a88e3a88abe"
dependencies = [
 "libc",
 "num-integer",
 "num-traits",
 "time",
]

[[package]]
name = "clap"
version = "2.33.0"
source = "registry+https://github.com/rust-lang/crates.io-index"
checksum = "5067f5bb2d80ef5d68b4c87db81601f0b75bca627bc2ef76b141d7b846a3c6d9"
dependencies = [
 "ansi_term",
 "atty",
 "bitflags",
 "strsim",
 "textwrap",
 "unicode-width",
 "vec_map",
]

[[package]]
name = "cloudabi"
version = "0.0.3"
source = "registry+https://github.com/rust-lang/crates.io-index"
checksum = "ddfc5b9aa5d4507acaf872de71051dfd0e309860e88966e1051e462a077aac4f"
dependencies = [
 "bitflags",
]

[[package]]
name = "crossterm"
version = "0.14.2"
source = "registry+https://github.com/rust-lang/crates.io-index"
checksum = "5750773d74a7dc612eac2ded3f55e9cdeeaa072210cd17c0192aedb48adb3618"
dependencies = [
 "bitflags",
 "crossterm_winapi",
 "lazy_static",
 "libc",
 "mio",
 "parking_lot",
 "signal-hook",
 "winapi 0.3.8",
]

[[package]]
name = "crossterm_winapi"
version = "0.5.1"
source = "registry+https://github.com/rust-lang/crates.io-index"
checksum = "8777c700901e2d5b50c406f736ed6b8f9e43645c7e104ddb74f8bc42b8ae62f6"
dependencies = [
 "winapi 0.3.8",
]

[[package]]
name = "csv"
version = "1.1.1"
source = "registry+https://github.com/rust-lang/crates.io-index"
checksum = "37519ccdfd73a75821cac9319d4fce15a81b9fcf75f951df5b9988aa3a0af87d"
dependencies = [
 "bstr",
 "csv-core",
 "itoa",
 "ryu",
 "serde",
]

[[package]]
name = "csv-core"
version = "0.1.6"
source = "registry+https://github.com/rust-lang/crates.io-index"
checksum = "9b5cadb6b25c77aeff80ba701712494213f4a8418fcda2ee11b6560c3ad0bf4c"
dependencies = [
 "memchr 2.2.0",
]

[[package]]
name = "flexi_logger"
version = "0.14.0"
source = "registry+https://github.com/rust-lang/crates.io-index"
checksum = "2c33205472cdf9f0626ff7c058d4b9cbef51673ceaf1169e54d4be49133cbab2"
dependencies = [
 "chrono",
 "glob",
 "log",
 "regex 1.1.7",
 "yansi",
]

[[package]]
name = "fuchsia-cprng"
version = "0.1.1"
source = "registry+https://github.com/rust-lang/crates.io-index"
checksum = "a06f77d526c1a601b7c4cdd98f54b5eaabffc14d5f2f0296febdc7f357c6d3ba"

[[package]]
name = "fuchsia-zircon"
version = "0.3.3"
source = "registry+https://github.com/rust-lang/crates.io-index"
checksum = "2e9763c69ebaae630ba35f74888db465e49e259ba1bc0eda7d06f4a067615d82"
dependencies = [
 "bitflags",
 "fuchsia-zircon-sys",
]

[[package]]
name = "fuchsia-zircon-sys"
version = "0.3.3"
source = "registry+https://github.com/rust-lang/crates.io-index"
checksum = "3dcaa9ae7725d12cdb85b3ad99a434db70b468c09ded17e012d86b5c1010f7a7"

[[package]]
name = "glob"
version = "0.3.0"
source = "registry+https://github.com/rust-lang/crates.io-index"
checksum = "9b919933a397b79c37e33b77bb2aa3dc8eb6e165ad809e58ff75bc7db2e34574"

[[package]]
name = "iovec"
version = "0.1.4"
source = "registry+https://github.com/rust-lang/crates.io-index"
checksum = "b2b3ea6ff95e175473f8ffe6a7eb7c00d054240321b84c57051175fe3c1e075e"
dependencies = [
 "libc",
]

[[package]]
name = "itoa"
version = "0.4.4"
source = "registry+https://github.com/rust-lang/crates.io-index"
checksum = "501266b7edd0174f8530248f87f99c88fbe60ca4ef3dd486835b8d8d53136f7f"

[[package]]
name = "kernel32-sys"
version = "0.2.2"
source = "registry+https://github.com/rust-lang/crates.io-index"
checksum = "7507624b29483431c0ba2d82aece8ca6cdba9382bff4ddd0f7490560c056098d"
dependencies = [
 "winapi 0.2.8",
 "winapi-build",
]

[[package]]
name = "lazy_static"
version = "1.4.0"
source = "registry+https://github.com/rust-lang/crates.io-index"
checksum = "e2abad23fbc42b3700f2f279844dc832adb2b2eb069b2df918f455c4e18cc646"

[[package]]
name = "libc"
version = "0.2.66"
source = "registry+https://github.com/rust-lang/crates.io-index"
checksum = "d515b1f41455adea1313a4a2ac8a8a477634fbae63cc6100e3aebb207ce61558"

[[package]]
name = "libusb-sys-wishbone-tool"
version = "0.2.6"
dependencies = [
 "cc",
 "libc",
]

[[package]]
name = "libusb-wishbone-tool"
version = "0.3.1"
dependencies = [
 "bit-set",
 "libc",
 "libusb-sys-wishbone-tool",
 "regex 0.1.80",
]

[[package]]
name = "lock_api"
version = "0.3.3"
source = "registry+https://github.com/rust-lang/crates.io-index"
checksum = "79b2de95ecb4691949fea4716ca53cdbcfccb2c612e19644a8bad05edcf9f47b"
dependencies = [
 "scopeguard",
]

[[package]]
name = "log"
version = "0.4.6"
source = "registry+https://github.com/rust-lang/crates.io-index"
checksum = "c84ec4b527950aa83a329754b01dbe3f58361d1c5efacd1f6d68c494d08a17c6"
dependencies = [
 "cfg-if",
]

[[package]]
name = "mach"
version = "0.1.2"
source = "registry+https://github.com/rust-lang/crates.io-index"
checksum = "2fd13ee2dd61cc82833ba05ade5a30bb3d63f7ced605ef827063c63078302de9"
dependencies = [
 "libc",
]

[[package]]
name = "mach"
version = "0.2.3"
source = "registry+https://github.com/rust-lang/crates.io-index"
checksum = "86dd2487cdfea56def77b88438a2c915fb45113c5319bfe7e14306ca4cd0b0e1"
dependencies = [
 "libc",
]

[[package]]
name = "memchr"
version = "0.1.11"
source = "registry+https://github.com/rust-lang/crates.io-index"
checksum = "d8b629fb514376c675b98c1421e80b151d3817ac42d7c667717d282761418d20"
dependencies = [
 "libc",
]

[[package]]
name = "memchr"
version = "2.2.0"
source = "registry+https://github.com/rust-lang/crates.io-index"
checksum = "2efc7bc57c883d4a4d6e3246905283d8dae951bb3bd32f49d6ef297f546e1c39"
dependencies = [
 "libc",
]

[[package]]
name = "memmap"
version = "0.7.0"
source = "registry+https://github.com/rust-lang/crates.io-index"
checksum = "6585fd95e7bb50d6cc31e20d4cf9afb4e2ba16c5846fc76793f11218da9c475b"
dependencies = [
 "libc",
 "winapi 0.3.8",
]

[[package]]
name = "mio"
version = "0.6.21"
source = "registry+https://github.com/rust-lang/crates.io-index"
checksum = "302dec22bcf6bae6dfb69c647187f4b4d0fb6f535521f7bc022430ce8e12008f"
dependencies = [
 "cfg-if",
 "fuchsia-zircon",
 "fuchsia-zircon-sys",
 "iovec",
 "kernel32-sys",
 "libc",
 "log",
 "miow",
 "net2",
 "slab",
 "winapi 0.2.8",
]

[[package]]
name = "miow"
version = "0.2.1"
source = "registry+https://github.com/rust-lang/crates.io-index"
checksum = "8c1f2f3b1cf331de6896aabf6e9d55dca90356cc9960cca7eaaf408a355ae919"
dependencies = [
 "kernel32-sys",
 "net2",
 "winapi 0.2.8",
 "ws2_32-sys",
]

[[package]]
name = "net2"
version = "0.2.33"
source = "registry+https://github.com/rust-lang/crates.io-index"
checksum = "42550d9fb7b6684a6d404d9fa7250c2eb2646df731d1c06afc06dcee9e1bcf88"
dependencies = [
 "cfg-if",
 "libc",
 "winapi 0.3.8",
]

[[package]]
name = "nix"
version = "0.14.1"
source = "registry+https://github.com/rust-lang/crates.io-index"
checksum = "6c722bee1037d430d0f8e687bbdbf222f27cc6e4e68d5caf630857bb2b6dbdce"
dependencies = [
 "bitflags",
 "cc",
 "cfg-if",
 "libc",
 "void",
]

[[package]]
name = "num-integer"
version = "0.1.41"
source = "registry+https://github.com/rust-lang/crates.io-index"
checksum = "b85e541ef8255f6cf42bbfe4ef361305c6c135d10919ecc26126c4e5ae94bc09"
dependencies = [
 "autocfg",
 "num-traits",
]

[[package]]
name = "num-traits"
version = "0.2.8"
source = "registry+https://github.com/rust-lang/crates.io-index"
checksum = "6ba9a427cfca2be13aa6f6403b0b7e7368fe982bfa16fccc450ce74c46cd9b32"
dependencies = [
 "autocfg",
]

[[package]]
name = "numtoa"
version = "0.1.0"
source = "registry+https://github.com/rust-lang/crates.io-index"
checksum = "b8f8bdf33df195859076e54ab11ee78a1b208382d3a26ec40d142ffc1ecc49ef"

[[package]]
name = "parking_lot"
version = "0.10.0"
source = "registry+https://github.com/rust-lang/crates.io-index"
checksum = "92e98c49ab0b7ce5b222f2cc9193fc4efe11c6d0bd4f648e374684a6857b1cfc"
dependencies = [
 "lock_api",
 "parking_lot_core",
]

[[package]]
name = "parking_lot_core"
version = "0.7.0"
source = "registry+https://github.com/rust-lang/crates.io-index"
checksum = "7582838484df45743c8434fbff785e8edf260c28748353d44bc0da32e0ceabf1"
dependencies = [
 "cfg-if",
 "cloudabi",
 "libc",
 "redox_syscall",
 "smallvec",
 "winapi 0.3.8",
]

[[package]]
name = "rand"
version = "0.6.5"
source = "registry+https://github.com/rust-lang/crates.io-index"
checksum = "6d71dacdc3c88c1fde3885a3be3fbab9f35724e6ce99467f7d9c5026132184ca"
dependencies = [
 "autocfg",
 "libc",
 "rand_chacha",
 "rand_core 0.4.0",
 "rand_hc",
 "rand_isaac",
 "rand_jitter",
 "rand_os",
 "rand_pcg",
 "rand_xorshift",
 "winapi 0.3.8",
]

[[package]]
name = "rand_chacha"
version = "0.1.1"
source = "registry+https://github.com/rust-lang/crates.io-index"
checksum = "556d3a1ca6600bfcbab7c7c91ccb085ac7fbbcd70e008a98742e7847f4f7bcef"
dependencies = [
 "autocfg",
 "rand_core 0.3.1",
]

[[package]]
name = "rand_core"
version = "0.3.1"
source = "registry+https://github.com/rust-lang/crates.io-index"
checksum = "7a6fdeb83b075e8266dcc8762c22776f6877a63111121f5f8c7411e5be7eed4b"
dependencies = [
 "rand_core 0.4.0",
]

[[package]]
name = "rand_core"
version = "0.4.0"
source = "registry+https://github.com/rust-lang/crates.io-index"
checksum = "d0e7a549d590831370895ab7ba4ea0c1b6b011d106b5ff2da6eee112615e6dc0"

[[package]]
name = "rand_hc"
version = "0.1.0"
source = "registry+https://github.com/rust-lang/crates.io-index"
checksum = "7b40677c7be09ae76218dc623efbf7b18e34bced3f38883af07bb75630a21bc4"
dependencies = [
 "rand_core 0.3.1",
]

[[package]]
name = "rand_isaac"
version = "0.1.1"
source = "registry+https://github.com/rust-lang/crates.io-index"
checksum = "ded997c9d5f13925be2a6fd7e66bf1872597f759fd9dd93513dd7e92e5a5ee08"
dependencies = [
 "rand_core 0.3.1",
]

[[package]]
name = "rand_jitter"
version = "0.1.4"
source = "registry+https://github.com/rust-lang/crates.io-index"
checksum = "1166d5c91dc97b88d1decc3285bb0a99ed84b05cfd0bc2341bdf2d43fc41e39b"
dependencies = [
 "libc",
 "rand_core 0.4.0",
 "winapi 0.3.8",
]

[[package]]
name = "rand_os"
version = "0.1.3"
source = "registry+https://github.com/rust-lang/crates.io-index"
checksum = "7b75f676a1e053fc562eafbb47838d67c84801e38fc1ba459e8f180deabd5071"
dependencies = [
 "cloudabi",
 "fuchsia-cprng",
 "libc",
 "rand_core 0.4.0",
 "rdrand",
 "winapi 0.3.8",
]

[[package]]
name = "rand_pcg"
version = "0.1.2"
source = "registry+https://github.com/rust-lang/crates.io-index"
checksum = "abf9b09b01790cfe0364f52bf32995ea3c39f4d2dd011eac241d2914146d0b44"
dependencies = [
 "autocfg",
 "rand_core 0.4.0",
]

[[package]]
name = "rand_xorshift"
version = "0.1.1"
source = "registry+https://github.com/rust-lang/crates.io-index"
checksum = "cbf7e9e623549b0e21f6e97cf8ecf247c1a8fd2e8a992ae265314300b2455d5c"
dependencies = [
 "rand_core 0.3.1",
]

[[package]]
name = "rdrand"
version = "0.4.0"
source = "registry+https://github.com/rust-lang/crates.io-index"
checksum = "678054eb77286b51581ba43620cc911abf02758c91f93f479767aed0f90458b2"
dependencies = [
 "rand_core 0.3.1",
]

[[package]]
name = "redox_syscall"
version = "0.1.54"
source = "registry+https://github.com/rust-lang/crates.io-index"
checksum = "12229c14a0f65c4f1cb046a3b52047cdd9da1f4b30f8a39c5063c8bae515e252"

[[package]]
name = "redox_termios"
version = "0.1.1"
source = "registry+https://github.com/rust-lang/crates.io-index"
checksum = "7e891cfe48e9100a70a3b6eb652fef28920c117d366339687bd5576160db0f76"
dependencies = [
 "redox_syscall",
]

[[package]]
name = "regex"
version = "0.1.80"
source = "registry+https://github.com/rust-lang/crates.io-index"
checksum = "4fd4ace6a8cf7860714a2c2280d6c1f7e6a413486c13298bbc86fd3da019402f"
dependencies = [
 "aho-corasick 0.5.3",
 "memchr 0.1.11",
 "regex-syntax 0.3.9",
 "thread_local 0.2.7",
 "utf8-ranges 0.1.3",
]

[[package]]
name = "regex"
version = "1.1.7"
source = "registry+https://github.com/rust-lang/crates.io-index"
checksum = "0b2f0808e7d7e4fb1cb07feb6ff2f4bc827938f24f8c2e6a3beb7370af544bdd"
dependencies = [
 "aho-corasick 0.7.4",
 "memchr 2.2.0",
 "regex-syntax 0.6.7",
 "thread_local 0.3.6",
 "utf8-ranges 1.0.3",
]

[[package]]
name = "regex-automata"
version = "0.1.8"
source = "registry+https://github.com/rust-lang/crates.io-index"
checksum = "92b73c2a1770c255c240eaa4ee600df1704a38dc3feaa6e949e7fcd4f8dc09f9"
dependencies = [
 "byteorder",
]

[[package]]
name = "regex-syntax"
version = "0.3.9"
source = "registry+https://github.com/rust-lang/crates.io-index"
checksum = "f9ec002c35e86791825ed294b50008eea9ddfc8def4420124fbc6b08db834957"

[[package]]
name = "regex-syntax"
version = "0.6.7"
source = "registry+https://github.com/rust-lang/crates.io-index"
checksum = "9d76410686f9e3a17f06128962e0ecc5755870bb890c34820c7af7f1db2e1d48"
dependencies = [
 "ucd-util",
]

[[package]]
name = "rppal"
version = "0.11.3"
source = "registry+https://github.com/rust-lang/crates.io-index"
checksum = "137dbba1fb867daa27cda4c3cd6a11bca5bb5a1551f034cf9319b994846ddbe1"
dependencies = [
 "lazy_static",
 "libc",
]

[[package]]
name = "ryu"
version = "1.0.0"
source = "registry+https://github.com/rust-lang/crates.io-index"
checksum = "c92464b447c0ee8c4fb3824ecc8383b81717b9f1e74ba2e72540aef7b9f82997"

[[package]]
name = "scopeguard"
version = "1.0.0"
source = "registry+https://github.com/rust-lang/crates.io-index"
checksum = "b42e15e59b18a828bbf5c58ea01debb36b9b096346de35d941dcb89009f24a0d"

[[package]]
name = "serde"
version = "1.0.101"
source = "registry+https://github.com/rust-lang/crates.io-index"
checksum = "9796c9b7ba2ffe7a9ce53c2287dfc48080f4b2b362fcc245a259b3a7201119dd"

[[package]]
name = "serialport"
version = "3.3.0"
source = "registry+https://github.com/rust-lang/crates.io-index"
checksum = "5b8d3ecaf58010bedccae17be55d4ed6f2ecde5646fc48ce8c66ea2d35a1419c"
dependencies = [
 "CoreFoundation-sys",
 "IOKit-sys",
 "bitflags",
 "cfg-if",
 "mach 0.2.3",
 "nix",
 "regex 1.1.7",
 "winapi 0.3.8",
]

[[package]]
name = "signal-hook"
version = "0.1.12"
source = "registry+https://github.com/rust-lang/crates.io-index"
checksum = "7a9c17dd3ba2d36023a5c9472ecddeda07e27fd0b05436e8c1e0c8f178185652"
dependencies = [
 "libc",
 "mio",
 "signal-hook-registry",
]

[[package]]
name = "signal-hook-registry"
version = "1.2.0"
source = "registry+https://github.com/rust-lang/crates.io-index"
checksum = "94f478ede9f64724c5d173d7bb56099ec3e2d9fc2774aac65d34b8b890405f41"
dependencies = [
 "arc-swap",
 "libc",
]

[[package]]
name = "slab"
version = "0.4.2"
source = "registry+https://github.com/rust-lang/crates.io-index"
checksum = "c111b5bd5695e56cffe5129854aa230b39c93a305372fdbb2668ca2394eea9f8"

[[package]]
name = "smallvec"
version = "1.1.0"
source = "registry+https://github.com/rust-lang/crates.io-index"
checksum = "44e59e0c9fa00817912ae6e4e6e3c4fe04455e75699d06eedc7d85917ed8e8f4"

[[package]]
name = "spin_sleep"
version = "0.3.7"
source = "registry+https://github.com/rust-lang/crates.io-index"
checksum = "891836ef5f8a5b9678938d34d75391a3794267806482105ffcd363271980c10c"
dependencies = [
 "lazy_static",
 "winapi 0.3.8",
]

[[package]]
name = "strsim"
version = "0.8.0"
source = "registry+https://github.com/rust-lang/crates.io-index"
checksum = "8ea5119cdb4c55b55d432abb513a0429384878c15dde60cc77b1c99de1a95a6a"

[[package]]
name = "terminal"
version = "0.2.0"
source = "registry+https://github.com/rust-lang/crates.io-index"
checksum = "ea868d4f0f6d87aa4779131838b35fb20652604764fc894f9e7963bcd946201e"
dependencies = [
 "bitflags",
 "crossterm",
]

[[package]]
name = "termion"
version = "1.5.2"
source = "registry+https://github.com/rust-lang/crates.io-index"
checksum = "dde0593aeb8d47accea5392b39350015b5eccb12c0d98044d856983d89548dea"
dependencies = [
 "libc",
 "numtoa",
 "redox_syscall",
 "redox_termios",
]

[[package]]
name = "textwrap"
version = "0.11.0"
source = "registry+https://github.com/rust-lang/crates.io-index"
checksum = "d326610f408c7a4eb6f51c37c330e496b08506c9457c9d34287ecc38809fb060"
dependencies = [
 "unicode-width",
]

[[package]]
name = "thread-id"
version = "2.0.0"
source = "registry+https://github.com/rust-lang/crates.io-index"
checksum = "a9539db560102d1cef46b8b78ce737ff0bb64e7e18d35b2a5688f7d097d0ff03"
dependencies = [
 "kernel32-sys",
 "libc",
]

[[package]]
name = "thread_local"
version = "0.2.7"
source = "registry+https://github.com/rust-lang/crates.io-index"
checksum = "8576dbbfcaef9641452d5cf0df9b0e7eeab7694956dd33bb61515fb8f18cfdd5"
dependencies = [
 "thread-id",
]

[[package]]
name = "thread_local"
version = "0.3.6"
source = "registry+https://github.com/rust-lang/crates.io-index"
checksum = "c6b53e329000edc2b34dbe8545fd20e55a333362d0a321909685a19bd28c3f1b"
dependencies = [
 "lazy_static",
]

[[package]]
name = "time"
version = "0.1.42"
source = "registry+https://github.com/rust-lang/crates.io-index"
checksum = "db8dcfca086c1143c9270ac42a2bbd8a7ee477b78ac8e45b19abfb0cbede4b6f"
dependencies = [
 "libc",
 "redox_syscall",
 "winapi 0.3.8",
]

[[package]]
name = "ucd-util"
version = "0.1.3"
source = "registry+https://github.com/rust-lang/crates.io-index"
checksum = "535c204ee4d8434478593480b8f86ab45ec9aae0e83c568ca81abf0fd0e88f86"

[[package]]
name = "unicode-width"
version = "0.1.5"
source = "registry+https://github.com/rust-lang/crates.io-index"
checksum = "882386231c45df4700b275c7ff55b6f3698780a650026380e72dabe76fa46526"

[[package]]
name = "utf8-ranges"
version = "0.1.3"
source = "registry+https://github.com/rust-lang/crates.io-index"
checksum = "a1ca13c08c41c9c3e04224ed9ff80461d97e121589ff27c753a16cb10830ae0f"

[[package]]
name = "utf8-ranges"
version = "1.0.3"
source = "registry+https://github.com/rust-lang/crates.io-index"
checksum = "9d50aa7650df78abf942826607c62468ce18d9019673d4a2ebe1865dbb96ffde"

[[package]]
name = "vec_map"
version = "0.8.1"
source = "registry+https://github.com/rust-lang/crates.io-index"
checksum = "05c78687fb1a80548ae3250346c3db86a80a7cdd77bda190189f2d0a0987c81a"

[[package]]
name = "void"
version = "1.0.2"
source = "registry+https://github.com/rust-lang/crates.io-index"
checksum = "6a02e4885ed3bc0f2de90ea6dd45ebcbb66dacffe03547fadbb0eeae2770887d"

[[package]]
name = "winapi"
version = "0.2.8"
source = "registry+https://github.com/rust-lang/crates.io-index"
checksum = "167dc9d6949a9b857f3451275e911c3f44255842c1f7a76f33c55103a909087a"

[[package]]
name = "winapi"
version = "0.3.8"
source = "registry+https://github.com/rust-lang/crates.io-index"
checksum = "8093091eeb260906a183e6ae1abdba2ef5ef2257a21801128899c3fc699229c6"
dependencies = [
 "winapi-i686-pc-windows-gnu",
 "winapi-x86_64-pc-windows-gnu",
]

[[package]]
name = "winapi-build"
version = "0.1.1"
source = "registry+https://github.com/rust-lang/crates.io-index"
checksum = "2d315eee3b34aca4797b2da6b13ed88266e6d612562a0c46390af8299fc699bc"

[[package]]
name = "winapi-i686-pc-windows-gnu"
version = "0.4.0"
source = "registry+https://github.com/rust-lang/crates.io-index"
checksum = "ac3b87c63620426dd9b991e5ce0329eff545bccbbb34f3be09ff6fb6ab51b7b6"

[[package]]
name = "winapi-x86_64-pc-windows-gnu"
version = "0.4.0"
source = "registry+https://github.com/rust-lang/crates.io-index"
checksum = "712e227841d057c1ee1cd2fb22fa7e5a5461ae8e48fa2ca79ec42cfc1931183f"

[[package]]
name = "wishbone-bridge"
version = "1.1.0"
dependencies = [
 "byteorder",
 "libusb-sys-wishbone-tool",
 "libusb-wishbone-tool",
 "log",
 "memmap",
 "rppal",
 "serialport",
 "spin_sleep",
]

[[package]]
name = "wishbone-tool"
version = "0.7.7"
dependencies = [
 "bitflags",
 "byteorder",
 "clap",
 "csv",
 "flexi_logger",
 "log",
 "rand",
 "terminal",
 "wishbone-bridge",
]

[[package]]
name = "ws2_32-sys"
version = "0.2.1"
source = "registry+https://github.com/rust-lang/crates.io-index"
checksum = "d59cefebd0c892fa2dd6de581e937301d8552cb44489cdff035c6187cb63fa5e"
dependencies = [
 "winapi 0.2.8",
 "winapi-build",
]

[[package]]
name = "yansi"
version = "0.5.0"
source = "registry+https://github.com/rust-lang/crates.io-index"
checksum = "9fc79f4a1e39857fc00c3f662cbf2651c771f00e9c15fe2abc341806bd46bd71"
